{
  "name": "powerbi-analyst-execution-tools",
  "lockfileVersion": 3,
  "requires": true,
  "packages": {
    "": {
      "name": "powerbi-analyst-execution-tools",
      "devDependencies": {
        "@microsoft/powerbi-desktop-bridge-cli": "0.1.2",
        "@microsoft/powerbi-modeling-mcp": "0.5.0-beta.13",
        "@microsoft/powerbi-report-authoring-cli": "0.1.4"
      }
    },
    "node_modules/@microsoft/powerbi-core-visual-schema": {
      "version": "0.1.1",
      "resolved": "https://registry.npmjs.org/@microsoft/powerbi-core-visual-schema/-/powerbi-core-visual-schema-0.1.1.tgz",
      "integrity": "sha512-B318sRMjJ8Cn2LKzUmcmvl2Oplr4uOsFPh2MJFQV0Y1UzsdvJjt/Rg+mYKZXK3QtztUvu0BsuAlCMmJDihjCfg==",
      "dev": true,
      "license": "MIT",
      "engines": {
        "node": ">=20.10.0"
      }
    },
    "node_modules/@microsoft/powerbi-desktop-bridge-cli": {
      "version": "0.1.2",
      "resolved": "https://registry.npmjs.org/@microsoft/powerbi-desktop-bridge-cli/-/powerbi-desktop-bridge-cli-0.1.2.tgz",
      "integrity": "sha512-N0nons2u+1W+PYQ59tmhPRMMR0ZrmPY4djOjHjpM9UyUDWySucu8S5H4fMO0ltxkykC4Ter/6Aqp4ZhMQm6ymw==",
      "dev": true,
      "license": "MIT",
      "dependencies": {
        "commander": "^13.0.0",
        "vscode-jsonrpc": "8.2.1"
      },
      "bin": {
        "powerbi-desktop": "dist/index.js"
      },
      "engines": {
        "node": ">=20"
      }
    },
    "node_modules/@microsoft/powerbi-modeling-mcp": {
      "version": "0.5.0-beta.13",
      "resolved": "https://registry.npmjs.org/@microsoft/powerbi-modeling-mcp/-/powerbi-modeling-mcp-0.5.0-beta.13.tgz",
      "integrity": "sha512-Xf+RuJJ3vgcxHSonWsBpit0FUh6Ak6BCv139l8s/1TUJGVkTZrvOVTKPGq+o4uXau/fD0X5ewMcCoUxy874yjQ==",
      "cpu": [
        "x64",
        "arm64"
      ],
      "dev": true,
      "license": "Microsoft",
      "os": [
        "win32",
        "darwin",
        "linux"
      ],
      "bin": {
        "powerbi-modeling-mcp": "index.js"
      },
      "engines": {
        "node": ">=18.0.0"
      },
      "optionalDependencies": {
        "@microsoft/powerbi-modeling-mcp-darwin-arm64": "0.5.0-beta.13",
        "@microsoft/powerbi-modeling-mcp-linux-arm64": "0.5.0-beta.13",
        "@microsoft/powerbi-modeling-mcp-linux-x64": "0.5.0-beta.13",
        "@microsoft/powerbi-modeling-mcp-win32-arm64": "0.5.0-beta.13",
        "@microsoft/powerbi-modeling-mcp-win32-x64": "0.5.0-beta.13"
      }
    },
    "node_modules/@microsoft/powerbi-modeling-mcp-darwin-arm64": {
      "version": "0.5.0-beta.13",
      "resolved": "https://registry.npmjs.org/@microsoft/powerbi-modeling-mcp-darwin-arm64/-/powerbi-modeling-mcp-darwin-arm64-0.5.0-beta.13.tgz",
      "integrity": "sha512-/ZbnY+RbdRcKNtf/WjBmfUxB05Wc3my1FuyrUq80O8INp4KARYQoZCcUsn/+sWDvXzJVtrLbFdrH5Sdy6bPN/w==",
      "cpu": [
        "arm64"
      ],
      "dev": true,
      "license": "Microsoft",
      "optional": true,
      "os": [
        "darwin"
      ],
      "bin": {
        "powerbi-modeling-mcp-darwin-arm64": "dist/powerbi-modeling-mcp"
      },
      "engines": {
        "node": ">=18.0.0"
      }
    },
    "node_modules/@microsoft/powerbi-modeling-mcp-linux-arm64": {
      "version": "0.5.0-beta.13",
      "resolved": "https://registry.npmjs.org/@microsoft/powerbi-modeling-mcp-linux-arm64/-/powerbi-modeling-mcp-linux-arm64-0.5.0-beta.13.tgz",
      "integrity": "sha512-/kkrWaxNniTue2jSwijMDSyW6i2Qw8tKd4oRn+/IfHLa3aji1i8myhyCcLeJNrAKmlhARcluS5MBwYrzU8NIcg==",
      "cpu": [
        "arm64"
      ],
      "dev": true,
      "license": "Microsoft",
      "optional": true,
      "os": [
        "linux"
      ],
      "bin": {
        "powerbi-modeling-mcp-linux-arm64": "dist/powerbi-modeling-mcp"
      },
      "engines": {
        "node": ">=18.0.0"
      }
    },
    "node_modules/@microsoft/powerbi-modeling-mcp-linux-x64": {
      "version": "0.5.0-beta.13",
      "resolved": "https://registry.npmjs.org/@microsoft/powerbi-modeling-mcp-linux-x64/-/powerbi-modeling-mcp-linux-x64-0.5.0-beta.13.tgz",
      "integrity": "sha512-mtkWj7tGgClZuwf8mp8aRvMAg3m9nPDTgP8mNK7YP/oSeLRqh3kNtryGYRVvqGEIv18L73LEcpyXQTnszOL0dg==",
      "cpu": [
        "x64"
      ],
      "dev": true,
      "license": "Microsoft",
      "optional": true,
      "os": [
        "linux"
      ],
      "bin": {
        "powerbi-modeling-mcp-linux-x64": "dist/powerbi-modeling-mcp"
      },
      "engines": {
        "node": ">=18.0.0"
      }
    },
    "node_modules/@microsoft/powerbi-modeling-mcp-win32-arm64": {
      "version": "0.5.0-beta.13",
      "resolved": "https://registry.npmjs.org/@microsoft/powerbi-modeling-mcp-win32-arm64/-/powerbi-modeling-mcp-win32-arm64-0.5.0-beta.13.tgz",
      "integrity": "sha512-snLmEB5S38RNhZaFOW5a7BcIeNS9b8L7nQfqZKEcXCd92s0gk9RR12IuRaZB3HhhlUJhe4zhwPt8AhTYTriJrg==",
      "cpu": [
        "arm64"
      ],
      "dev": true,
      "license": "Microsoft",
      "optional": true,
      "os": [
        "win32"
      ],
      "bin": {
        "powerbi-modeling-mcp-win32-arm64": "dist/powerbi-modeling-mcp.exe"
      },
      "engines": {
        "node": ">=18.0.0"
      }
    },
    "node_modules/@microsoft/powerbi-modeling-mcp-win32-x64": {
      "version": "0.5.0-beta.13",
      "resolved": "https://registry.npmjs.org/@microsoft/powerbi-modeling-mcp-win32-x64/-/powerbi-modeling-mcp-win32-x64-0.5.0-beta.13.tgz",
      "integrity": "sha512-Nz6mMLacBUPJZv75TDfb5Rw44SXXKH2cyv9ioA5yrnRQjeGWzAqO99laBpi/2WoF+SjXlSxsypVmRUZvwKIRzQ==",
      "cpu": [
        "x64"
      ],
      "dev": true,
      "license": "Microsoft",
      "optional": true,
      "os": [
        "win32"
      ],
      "bin": {
        "powerbi-modeling-mcp-win32-x64": "dist/powerbi-modeling-mcp.exe"
      },
      "engines": {
        "node": ">=18.0.0"
      }
    },
    "node_modules/@microsoft/powerbi-report-authoring-cli": {
      "version": "0.1.4",
      "resolved": "https://registry.npmjs.org/@microsoft/powerbi-report-authoring-cli/-/powerbi-report-authoring-cli-0.1.4.tgz",
      "integrity": "sha512-SibT9RCS7dQdqYGhU0/r1yixYZgxRsjlpKSF+a/wGczN0YRG6M9nRoFBe2d4hptwwUeqvnkjNxpo7NTUxXNIDQ==",
      "dev": true,
      "license": "MIT",
      "dependencies": {
        "@microsoft/powerbi-core-visual-schema": ">=0.1.0 <1.0.0",
        "ajv": "^8.18.0",
        "ajv-formats": "^3.0.1",
        "commander": "^13.0.0"
      },
      "bin": {
        "powerbi-report-author": "dist/cli.js"
      },
      "engines": {
        "node": ">=20"
      }
    },
    "node_modules/ajv": {
      "version": "8.20.0",
      "resolved": "https://registry.npmjs.org/ajv/-/ajv-8.20.0.tgz",
      "integrity": "sha512-Thbli+OlOj+iMPYFBVBfJ3OmCAnaSyNn4M1vz9T6Gka5Jt9ba/HIR56joy65tY6kx/FCF5VXNB819Y7/GUrBGA==",
      "dev": true,
      "license": "MIT",
      "dependencies": {
        "fast-deep-equal": "^3.1.3",
        "fast-uri": "^3.0.1",
        "json-schema-traverse": "^1.0.0",
        "require-from-string": "^2.0.2"
      },
      "funding": {
        "type": "github",
        "url": "https://github.com/sponsors/epoberezkin"
      }
    },
    "node_modules/ajv-formats": {
      "version": "3.0.1",
      "resolved": "https://registry.npmjs.org/ajv-formats/-/ajv-formats-3.0.1.tgz",
      "integrity": "sha512-8iUql50EUR+uUcdRQ3HDqa6EVyo3docL8g5WJ3FNcWmu62IbkGUue/pEyLBW8VGKKucTPgqeks4fIU1DA4yowQ==",
      "dev": true,
      "license": "MIT",
      "dependencies": {
        "ajv": "^8.0.0"
      },
      "peerDependencies": {
        "ajv": "^8.0.0"
      },
      "peerDependenciesMeta": {
        "ajv": {
          "optional": true
        }
      }
    },
    "node_modules/commander": {
      "version": "13.1.0",
      "resolved": "https://registry.npmjs.org/commander/-/commander-13.1.0.tgz",
      "integrity": "sha512-/rFeCpNJQbhSZjGVwO9RFV3xPqbnERS8MmIQzCtD/zl6gpJuV/bMLuN92oG3F7d8oDEHHRrujSXNUr8fpjntKw==",
      "dev": true,
      "license": "MIT",
      "engines": {
        "node": ">=18"
      }
    },
    "node_modules/fast-deep-equal": {
      "version": "3.1.3",
      "resolved": "https://registry.npmjs.org/fast-deep-equal/-/fast-deep-equal-3.1.3.tgz",
      "integrity": "sha512-f3qQ9oQy9j2AhBe/H9VC91wLmKBCCU/gDOnKNAYG5hswO7BLKj09Hc5HYNz9cGI++xlpDCIgDaitVs03ATR84Q==",
      "dev": true,
      "license": "MIT"
    },
    "node_modules/fast-uri": {
      "version": "3.1.7",
      "resolved": "https://registry.npmjs.org/fast-uri/-/fast-uri-3.1.7.tgz",
      "integrity": "sha512-dOvZVzjdZdz7phd9v6jCbwxrBW3fK6n8Rc0CtdmM4bumzMnxywBYhuph6J819RRw/ku+rLbelwfMunktuzVVHg==",
      "dev": true,
      "funding": [
        {
          "type": "github",
          "url": "https://github.com/sponsors/fastify"
        },
        {
          "type": "opencollective",
          "url": "https://opencollective.com/fastify"
        }
      ],
      "license": "BSD-3-Clause"
    },
    "node_modules/json-schema-traverse": {
      "version": "1.0.0",
      "resolved": "https://registry.npmjs.org/json-schema-traverse/-/json-schema-traverse-1.0.0.tgz",
      "integrity": "sha512-NM8/P9n3XjXhIZn1lLhkFaACTOURQXjWhV4BA/RnOv8xvgqtqpAX9IO4mRQxSx1Rlo4tqzeqb0sOlruaOy3dug==",
      "dev": true,
      "license": "MIT"
    },
    "node_modules/require-from-string": {
      "version": "2.0.2",
      "resolved": "https://registry.npmjs.org/require-from-string/-/require-from-string-2.0.2.tgz",
      "integrity": "sha512-Xf0nWe6RseziFMu+Ap9biiUbmplq6S9/p+7w7YXP/JBHhrUDDUhwa+vANyubuqfZWTveU//DYVGsDG7RKL/vEw==",
      "dev": true,
      "license": "MIT",
      "engines": {
        "node": ">=0.10.0"
      }
    },
    "node_modules/vscode-jsonrpc": {
      "version": "8.2.1",
      "resolved": "https://registry.npmjs.org/vscode-jsonrpc/-/vscode-jsonrpc-8.2.1.tgz",
      "integrity": "sha512-kdjOSJ2lLIn7r1rtrMbbNCHjyMPfRnowdKjBQ+mGq6NAW5QY2bEZC/khaC5OR8svbbjvLEaIXkOq45e2X9BIbQ==",
      "dev": true,
      "license": "MIT",
      "engines": {
        "node": ">=14.0.0"
      }
    }
  }
}
